PODS:
  - JVFormChangeWatcher (0.1.0)

DEPENDENCIES:
  - JVFormChangeWatcher (from `../`)

EXTERNAL SOURCES:
  JVFormChangeWatcher:
    :path: "../"

SPEC CHECKSUMS:
  JVFormChangeWatcher: edf4f282d5cbd46521a361b56751de32d55d6e68

PODFILE CHECKSUM: 3f8f1138230de128339810def2f6af46ded842b6

COCOAPODS: 1.6.0.beta.1
